// !$*UTF8*$!
{
	archiveVersion = 1;
	classes = {
	};
	objectVersion = 50;
	objects = {

/* Begin PBXBuildFile section */
		7D6D9E9526EE9679003F11AD /* ProductDetailsViewController.swift in Sources */ = {isa = PBXBuildFile; fileRef = 7D6D9E9426EE9679003F11AD /* ProductDetailsViewController.swift */; };
		7DCBDD2226EE21A800EF0829 /* ProductCollectionViewCell.swift in Sources */ = {isa = PBXBuildFile; fileRef = 7DCBDD2126EE21A800EF0829 /* ProductCollectionViewCell.swift */; };
		7DCBDD2526EE2EF500EF0829 /* Product.swift in Sources */ = {isa = PBXBuildFile; fileRef = 7DCBDD2426EE2EF500EF0829 /* Product.swift */; };
		7DEE13D726ED466700F628AA /* AppDelegate.swift in Sources */ = {isa = PBXBuildFile; fileRef = 7DEE13D626ED466700F628AA /* AppDelegate.swift */; };
		7DEE13D926ED466700F628AA /* SceneDelegate.swift in Sources */ = {isa = PBXBuildFile; fileRef = 7DEE13D826ED466700F628AA /* SceneDelegate.swift */; };
		7DEE13DB26ED466700F628AA /* ViewController.swift in Sources */ = {isa = PBXBuildFile; fileRef = 7DEE13DA26ED466700F628AA /* ViewController.swift */; };
		7DEE13DE26ED466700F628AA /* Main.storyboard in Resources */ = {isa = PBXBuildFile; fileRef = 7DEE13DC26ED466700F628AA /* Main.storyboard */; };
		7DEE13E026ED466B00F628AA /* Assets.xcassets in Resources */ = {isa = PBXBuildFile; fileRef = 7DEE13DF26ED466B00F628AA /* Assets.xcassets */; };
		7DEE13E326ED466B00F628AA /* LaunchScreen.storyboard in Resources */ = {isa = PBXBuildFile; fileRef = 7DEE13E126ED466B00F628AA /* LaunchScreen.storyboard */; };
		7DEE13EC26ED493B00F628AA /* CategoriesVC.swift in Sources */ = {isa = PBXBuildFile; fileRef = 7DEE13EB26ED493B00F628AA /* CategoriesVC.swift */; };
/* End PBXBuildFile section */

/* Begin PBXFileReference section */
		7D6D9E9426EE9679003F11AD /* ProductDetailsViewController.swift */ = {isa = PBXFileReference; lastKnownFileType = sourcecode.swift; path = ProductDetailsViewController.swift; sourceTree = "<group>"; };
		7DCBDD2126EE21A800EF0829 /* ProductCollectionViewCell.swift */ = {isa = PBXFileReference; lastKnownFileType = sourcecode.swift; path = ProductCollectionViewCell.swift; sourceTree = "<group>"; };
		7DCBDD2426EE2EF500EF0829 /* Product.swift */ = {isa = PBXFileReference; lastKnownFileType = sourcecode.swift; path = Product.swift; sourceTree = "<group>"; };
		7DEE13D326ED466700F628AA /* herseyBurda.app */ = {isa = PBXFileReference; explicitFileType = wrapper.application; includeInIndex = 0; path = herseyBurda.app; sourceTree = BUILT_PRODUCTS_DIR; };
		7DEE13D626ED466700F628AA /* AppDelegate.swift */ = {isa = PBXFileReference; lastKnownFileType = sourcecode.swift; path = AppDelegate.swift; sourceTree = "<group>"; };
		7DEE13D826ED466700F628AA /* SceneDelegate.swift */ = {isa = PBXFileReference; lastKnownFileType = sourcecode.swift; path = SceneDelegate.swift; sourceTree = "<group>"; };
		7DEE13DA26ED466700F628AA /* ViewController.swift */ = {isa = PBXFileReference; lastKnownFileType = sourcecode.swift; path = ViewController.swift; sourceTree = "<group>"; };
		7DEE13DD26ED466700F628AA /* Base */ = {isa = PBXFileReference; lastKnownFileType = file.storyboard; name = Base; path = Base.lproj/Main.storyboard; sourceTree = "<group>"; };
		7DEE13DF26ED466B00F628AA /* Assets.xcassets */ = {isa = PBXFileReference; lastKnownFileType = folder.assetcatalog; path = Assets.xcassets; sourceTree = "<group>"; };
		7DEE13E226ED466B00F628AA /* Base */ = {isa = PBXFileReference; lastKnownFileType = file.storyboard; name = Base; path = Base.lproj/LaunchScreen.storyboard; sourceTree = "<group>"; };
		7DEE13E426ED466B00F628AA /* Info.plist */ = {isa = PBXFileReference; lastKnownFileType = text.plist.xml; path = Info.plist; sourceTree = "<group>"; };
		7DEE13EB26ED493B00F628AA /* CategoriesVC.swift */ = {isa = PBXFileReference; lastKnownFileType = sourcecode.swift; path = CategoriesVC.swift; sourceTree = "<group>"; };
/* End PBXFileReference section */

/* Begin PBXFrameworksBuildPhase section */
		7DEE13D026ED466700F628AA /* Frameworks */ = {
			isa = PBXFrameworksBuildPhase;
			buildActionMask = 2147483647;
			files = (
			);
			runOnlyForDeploymentPostprocessing = 0;
		};
/* End PBXFrameworksBuildPhase section */

/* Begin PBXGroup section */
		7DEE13CA26ED466700F628AA = {
			isa = PBXGroup;
			children = (
				7DEE13D526ED466700F628AA /* herseyBurda */,
				7DEE13D426ED466700F628AA /* Products */,
			);
			sourceTree = "<group>";
		};
		7DEE13D426ED466700F628AA /* Products */ = {
			isa = PBXGroup;
			children = (
				7DEE13D326ED466700F628AA /* herseyBurda.app */,
			);
			name = Products;
			sourceTree = "<group>";
		};
		7DEE13D526ED466700F628AA /* herseyBurda */ = {
			isa = PBXGroup;
			children = (
				7DEE13D626ED466700F628AA /* AppDelegate.swift */,
				7DEE13D826ED466700F628AA /* SceneDelegate.swift */,
				7DEE13DA26ED466700F628AA /* ViewController.swift */,
				7DEE13DC26ED466700F628AA /* Main.storyboard */,
				7DEE13DF26ED466B00F628AA /* Assets.xcassets */,
				7DEE13E126ED466B00F628AA /* LaunchScreen.storyboard */,
				7DEE13E426ED466B00F628AA /* Info.plist */,
				7DEE13EB26ED493B00F628AA /* CategoriesVC.swift */,
				7DCBDD2126EE21A800EF0829 /* ProductCollectionViewCell.swift */,
				7DCBDD2426EE2EF500EF0829 /* Product.swift */,
				7D6D9E9426EE9679003F11AD /* ProductDetailsViewController.swift */,
			);
			path = herseyBurda;
			sourceTree = "<group>";
		};
/* End PBXGroup section */

/* Begin PBXNativeTarget section */
		7DEE13D226ED466700F628AA /* herseyBurda */ = {
			isa = PBXNativeTarget;
			buildConfigurationList = 7DEE13E726ED466B00F628AA /* Build configuration list for PBXNativeTarget "herseyBurda" */;
			buildPhases = (
				7DEE13CF26ED466700F628AA /* Sources */,
				7DEE13D026ED466700F628AA /* Frameworks */,
				7DEE13D126ED466700F628AA /* Resources */,
			);
			buildRules = (
			);
			dependencies = (
			);
			name = herseyBurda;
			productName = herseyBurda;
			productReference = 7DEE13D326ED466700F628AA /* herseyBurda.app */;
			productType = "com.apple.product-type.application";
		};
/* End PBXNativeTarget section */

/* Begin PBXProject section */
		7DEE13CB26ED466700F628AA /* Project object */ = {
			isa = PBXProject;
			attributes = {
				LastSwiftUpdateCheck = 1240;
				LastUpgradeCheck = 1240;
				TargetAttributes = {
					7DEE13D226ED466700F628AA = {
						CreatedOnToolsVersion = 12.4;
					};
				};
			};
			buildConfigurationList = 7DEE13CE26ED466700F628AA /* Build configuration list for PBXProject "herseyBurda" */;
			compatibilityVersion = "Xcode 9.3";
			developmentRegion = en;
			hasScannedForEncodings = 0;
			knownRegions = (
				en,
				Base,
			);
			mainGroup = 7DEE13CA26ED466700F628AA;
			productRefGroup = 7DEE13D426ED466700F628AA /* Products */;
			projectDirPath = "";
			projectRoot = "";
			targets = (
				7DEE13D226ED466700F628AA /* herseyBurda */,
			);
		};
/* End PBXProject section */

/* Begin PBXResourcesBuildPhase section */
		7DEE13D126ED466700F628AA /* Resources */ = {
			isa = PBXResourcesBuildPhase;
			buildActionMask = 2147483647;
			files = (
				7DEE13E326ED466B00F628AA /* LaunchScreen.storyboard in Resources */,
				7DEE13E026ED466B00F628AA /* Assets.xcassets in Resources */,
				7DEE13DE26ED466700F628AA /* Main.storyboard in Resources */,
			);
			runOnlyForDeploymentPostprocessing = 0;
		};
/* End PBXResourcesBuildPhase section */

/* Begin PBXSourcesBuildPhase section */
		7DEE13CF26ED466700F628AA /* Sources */ = {
			isa = PBXSourcesBuildPhase;
			buildActionMask = 2147483647;
			files = (
				7D6D9E9526EE9679003F11AD /* ProductDetailsViewController.swift in Sources */,
				7DEE13EC26ED493B00F628AA /* CategoriesVC.swift in Sources */,
				7DEE13DB26ED466700F628AA /* ViewController.swift in Sources */,
				7DCBDD2226EE21A800EF0829 /* ProductCollectionViewCell.swift in Sources */,
				7DEE13D726ED466700F628AA /* AppDelegate.swift in Sources */,
				7DEE13D926ED466700F628AA /* SceneDelegate.swift in Sources */,
				7DCBDD2526EE2EF500EF0829 /* Product.swift in Sources */,
			);
			runOnlyForDeploymentPostprocessing = 0;
		};
/* End PBXSourcesBuildPhase section */

/* Begin PBXVariantGroup section */
		7DEE13DC26ED466700F628AA /* Main.storyboard */ = {
			isa = PBXVariantGroup;
			children = (
				7DEE13DD26ED466700F628AA /* Base */,
			);
			name = Main.storyboard;
			sourceTree = "<group>";
		};
		7DEE13E126ED466B00F628AA /* LaunchScreen.storyboard */ = {
			isa = PBXVariantGroup;
			children = (
				7DEE13E226ED466B00F628AA /* Base */,
			);
			name = LaunchScreen.storyboard;
			sourceTree = "<group>";
		};
/* End PBXVariantGroup section */

/* Begin XCBuildConfiguration section */
		7DEE13E526ED466B00F628AA /* Debug */ = {
			isa = XCBuildConfiguration;
			buildSettings = {
				ALWAYS_SEARCH_USER_PATHS = NO;
				CLANG_ANALYZER_NONNULL = YES;
				CLANG_ANALYZER_NUMBER_OBJECT_CONVERSION = YES_AGGRESSIVE;
				CLANG_CXX_LANGUAGE_STANDARD = "gnu++14";
				CLANG_CXX_LIBRARY = "libc++";
				CLANG_ENABLE_MODULES = YES;
				CLANG_ENABLE_OBJC_ARC = YES;
				CLANG_ENABLE_OBJC_WEAK = YES;
				CLANG_WARN_BLOCK_CAPTURE_AUTORELEASING = YES;
				CLANG_WARN_BOOL_CONVERSION = YES;
				CLANG_WARN_COMMA = YES;
				CLANG_WARN_CONSTANT_CONVERSION = YES;
				CLANG_WARN_DEPRECATED_OBJC_IMPLEMENTATIONS = YES;
				CLANG_WARN_DIRECT_OBJC_ISA_USAGE = YES_ERROR;
				CLANG_WARN_DOCUMENTATION_COMMENTS = YES;
				CLANG_WARN_EMPTY_BODY = YES;
				CLANG_WARN_ENUM_CONVERSION = YES;
				CLANG_WARN_INFINITE_RECURSION = YES;
				CLANG_WARN_INT_CONVERSION = YES;
				CLANG_WARN_NON_LITERAL_NULL_CONVERSION = YES;
				CLANG_WARN_OBJC_IMPLICIT_RETAIN_SELF = YES;
				CLANG_WARN_OBJC_LITERAL_CONVERSION = YES;
				CLANG_WARN_OBJC_ROOT_CLASS = YES_ERROR;
				CLANG_WARN_QUOTED_INCLUDE_IN_FRAMEWORK_HEADER = YES;
				CLANG_WARN_RANGE_LOOP_ANALYSIS = YES;
				CLANG_WARN_STRICT_PROTOTYPES = YES;
				CLANG_WARN_SUSPICIOUS_MOVE = YES;
				CLANG_WARN_UNGUARDED_AVAILABILITY = YES_AGGRESSIVE;
				CLANG_WARN_UNREACHABLE_CODE = YES;
				CLANG_WARN__DUPLICATE_METHOD_MATCH = YES;
				COPY_PHASE_STRIP = NO;
				DEBUG_INFORMATION_FORMAT = dwarf;
				ENABLE_STRICT_OBJC_MSGSEND = YES;
				ENABLE_TESTABILITY = YES;
				GCC_C_LANGUAGE_STANDARD = gnu11;
				GCC_DYNAMIC_NO_PIC = NO;
				GCC_NO_COMMON_BLOCKS = YES;
				GCC_OPTIMIZATION_LEVEL = 0;
				GCC_PREPROCESSOR_DEFINITIONS = (
					"DEBUG=1",
					"$(inherited)",
				);
				GCC_WARN_64_TO_32_BIT_CONVERSION = YES;
				GCC_WARN_ABOUT_RETURN_TYPE = YES_ERROR;
				GCC_WARN_UNDECLARED_SELECTOR = YES;
				GCC_WARN_UNINITIALIZED_AUTOS = YES_AGGRESSIVE;
				GCC_WARN_UNUSED_FUNCTION = YES;
				GCC_WARN_UNUSED_VARIABLE = YES;
				IPHONEOS_DEPLOYMENT_TARGET = 14.4;
				MTL_ENABLE_DEBUG_INFO = INCLUDE_SOURCE;
				MTL_FAST_MATH = YES;
				ONLY_ACTIVE_ARCH = YES;
				SDKROOT = iphoneos;
				SWIFT_ACTIVE_COMPILATION_CONDITIONS = DEBUG;
				SWIFT_OPTIMIZATION_LEVEL = "-Onone";
			};
			name = Debug;
		};
		7DEE13E626ED466B00F628AA /* Release */ = {
			isa = XCBuildConfiguration;
			buildSettings = {
				ALWAYS_SEARCH_USER_PATHS = NO;
				CLANG_ANALYZER_NONNULL = YES;
				CLANG_ANALYZER_NUMBER_OBJECT_CONVERSION = YES_AGGRESSIVE;
				CLANG_CXX_LANGUAGE_STANDARD = "gnu++14";
				CLANG_CXX_LIBRARY = "libc++";
				CLANG_ENABLE_MODULES = YES;
				CLANG_ENABLE_OBJC_ARC = YES;
				CLANG_ENABLE_OBJC_WEAK = YES;
				CLANG_WARN_BLOCK_CAPTURE_AUTORELEASING = YES;
				CLANG_WARN_BOOL_CONVERSION = YES;
				CLANG_WARN_COMMA = YES;
				CLANG_WARN_CONSTANT_CONVERSION = YES;
				CLANG_WARN_DEPRECATED_OBJC_IMPLEMENTATIONS = YES;
				CLANG_WARN_DIRECT_OBJC_ISA_USAGE = YES_ERROR;
				CLANG_WARN_DOCUMENTATION_COMMENTS = YES;
				CLANG_WARN_EMPTY_BODY = YES;
				CLANG_WARN_ENUM_CONVERSION = YES;
				CLANG_WARN_INFINITE_RECURSION = YES;
				CLANG_WARN_INT_CONVERSION = YES;
				CLANG_WARN_NON_LITERAL_NULL_CONVERSION = YES;
				CLANG_WARN_OBJC_IMPLICIT_RETAIN_SELF = YES;
				CLANG_WARN_OBJC_LITERAL_CONVERSION = YES;
				CLANG_WARN_OBJC_ROOT_CLASS = YES_ERROR;
				CLANG_WARN_QUOTED_INCLUDE_IN_FRAMEWORK_HEADER = YES;
				CLANG_WARN_RANGE_LOOP_ANALYSIS = YES;
				CLANG_WARN_STRICT_PROTOTYPES = YES;
				CLANG_WARN_SUSPICIOUS_MOVE = YES;
				CLANG_WARN_UNGUARDED_AVAILABILITY = YES_AGGRESSIVE;
				CLANG_WARN_UNREACHABLE_CODE = YES;
				CLANG_WARN__DUPLICATE_METHOD_MATCH = YES;
				COPY_PHASE_STRIP = NO;
				DEBUG_INFORMATION_FORMAT = "dwarf-with-dsym";
				ENABLE_NS_ASSERTIONS = NO;
				ENABLE_STRICT_OBJC_MSGSEND = YES;
				GCC_C_LANGUAGE_STANDARD = gnu11;
				GCC_NO_COMMON_BLOCKS = YES;
				GCC_WARN_64_TO_32_BIT_CONVERSION = YES;
				GCC_WARN_ABOUT_RETURN_TYPE = YES_ERROR;
				GCC_WARN_UNDECLARED_SELECTOR = YES;
				GCC_WARN_UNINITIALIZED_AUTOS = YES_AGGRESSIVE;
				GCC_WARN_UNUSED_FUNCTION = YES;
				GCC_WARN_UNUSED_VARIABLE = YES;
				IPHONEOS_DEPLOYMENT_TARGET = 14.4;
				MTL_ENABLE_DEBUG_INFO = NO;
				MTL_FAST_MATH = YES;
				SDKROOT = iphoneos;
				SWIFT_COMPILATION_MODE = wholemodule;
				SWIFT_OPTIMIZATION_LEVEL = "-O";
				VALIDATE_PRODUCT = YES;
			};
			name = Release;
		};
		7DEE13E826ED466B00F628AA /* Debug */ = {
			isa = XCBuildConfiguration;
			buildSettings = {
				ASSETCATALOG_COMPILER_APPICON_NAME = AppIcon;
				ASSETCATALOG_COMPILER_GLOBAL_ACCENT_COLOR_NAME = AccentColor;
				CODE_SIGN_STYLE = Automatic;
				DEVELOPMENT_TEAM = 34G99QRS57;
				INFOPLIST_FILE = herseyBurda/Info.plist;
				LD_RUNPATH_SEARCH_PATHS = (
					"$(inherited)",
					"@executable_path/Frameworks",
				);
				PRODUCT_BUNDLE_IDENTIFIER = com.engingulek.herseyBurda;
				PRODUCT_NAME = "$(TARGET_NAME)";
				SWIFT_VERSION = 5.0;
				TARGETED_DEVICE_FAMILY = "1,2";
			};
			name = Debug;
		};
		7DEE13E926ED466B00F628AA /* Release */ = {
			isa = XCBuildConfiguration;
			buildSettings = {
				ASSETCATALOG_COMPILER_APPICON_NAME = AppIcon;
				ASSETCATALOG_COMPILER_GLOBAL_ACCENT_COLOR_NAME = AccentColor;
				CODE_SIGN_STYLE = Automatic;
				DEVELOPMENT_TEAM = 34G99QRS57;
				INFOPLIST_FILE = herseyBurda/Info.plist;
				LD_RUNPATH_SEARCH_PATHS = (
					"$(inherited)",
					"@executable_path/Frameworks",
				);
				PRODUCT_BUNDLE_IDENTIFIER = com.engingulek.herseyBurda;
				PRODUCT_NAME = "$(TARGET_NAME)";
				SWIFT_VERSION = 5.0;
				TARGETED_DEVICE_FAMILY = "1,2";
			};
			name = Release;
		};
/* End XCBuildConfiguration section */

/* Begin XCConfigurationList section */
		7DEE13CE26ED466700F628AA /* Build configuration list for PBXProject "herseyBurda" */ = {
			isa = XCConfigurationList;
			buildConfigurations = (
				7DEE13E526ED466B00F628AA /* Debug */,
				7DEE13E626ED466B00F628AA /* Release */,
			);
			defaultConfigurationIsVisible = 0;
			defaultConfigurationName = Release;
		};
		7DEE13E726ED466B00F628AA /* Build configuration list for PBXNativeTarget "herseyBurda" */ = {
			isa = XCConfigurationList;
			buildConfigurations = (
				7DEE13E826ED466B00F628AA /* Debug */,
				7DEE13E926ED466B00F628AA /* Release */,
			);
			defaultConfigurationIsVisible = 0;
			defaultConfigurationName = Release;
		};
/* End XCConfigurationList section */
	};
	rootObject = 7DEE13CB26ED466700F628AA /* Project object */;
}
